{
  "nodes": {
    "nixCats": {
      "locked": {
        "lastModified": 1743117361,
        "narHash": "sha256-tj51EkxQX4rOByCUZJ7SVVvNKYyAxLH0d1esRvUrM+8=",
        "owner": "BirdeeHub",
        "repo": "nixCats-nvim",
        "rev": "1f3f48a1da8d08151b48cbaec14b2ec416af18b7",
        "type": "github"
      },
      "original": {
        "owner": "BirdeeHub",
        "repo": "nixCats-nvim",
        "type": "github"
      }
    },
    "nixpkgs": {
      "locked": {
        "lastModified": 1743014863,
        "narHash": "sha256-jAIUqsiN2r3hCuHji80U7NNEafpIMBXiwKlSrjWMlpg=",
        "owner": "nixos",
        "repo": "nixpkgs",
        "rev": "bd3bac8bfb542dbde7ffffb6987a1a1f9d41699f",
        "type": "github"
      },
      "original": {
        "owner": "nixos",
        "ref": "nixpkgs-unstable",
        "repo": "nixpkgs",
        "type": "github"
      }
    },
    "plugins-code_runner": {
      "flake": false,
      "locked": {
        "lastModified": 1739381405,
        "narHash": "sha256-fgJqJ0lak7WrjdFP8ywDcMnECi/RpT1mPKowX32yuk4=",
        "owner": "CRAG666",
        "repo": "code_runner.nvim",
        "rev": "50a59cbc53e62cd6c171023935a19a79b4bf42fb",
        "type": "github"
      },
      "original": {
        "owner": "CRAG666",
        "repo": "code_runner.nvim",
        "type": "github"
      }
    },
    "plugins-codecompanion": {
      "flake": false,
      "locked": {
        "lastModified": 1743099443,
        "narHash": "sha256-WsgiG+qHUuRsaIk7VHyTsJq+l42sNdCVE7L2XNzacic=",
        "owner": "olimorris",
        "repo": "codecompanion.nvim",
        "rev": "51fe5a782dbbd5cad8189420cb8d38fd7c245684",
        "type": "github"
      },
      "original": {
        "owner": "olimorris",
        "repo": "codecompanion.nvim",
        "type": "github"
      }
    },
    "plugins-cutlass": {
      "flake": false,
      "locked": {
        "lastModified": 1702908963,
        "narHash": "sha256-zmS/JlcGW8hLWla01F2z9QMfnIYvWr5BkPCoZqzsAFw=",
        "owner": "gbprod",
        "repo": "cutlass.nvim",
        "rev": "1ac7e4b53d79410be52a9e464d44c60556282b3e",
        "type": "github"
      },
      "original": {
        "owner": "gbprod",
        "repo": "cutlass.nvim",
        "type": "github"
      }
    },
    "plugins-hlargs": {
      "flake": false,
      "locked": {
        "lastModified": 1742742261,
        "narHash": "sha256-PRwiKgEHBC+FT+axH3Vwbl5612cRMQ+oZKBA7uNdhis=",
        "owner": "m-demare",
        "repo": "hlargs.nvim",
        "rev": "063fa2ba05f5eee5a1ab3da76ecb19770b7725cf",
        "type": "github"
      },
      "original": {
        "owner": "m-demare",
        "repo": "hlargs.nvim",
        "type": "github"
      }
    },
    "plugins-incline": {
      "flake": false,
      "locked": {
        "lastModified": 1742809093,
        "narHash": "sha256-5chrEfjk1Q+lvGqtoUfS/cYbxCUp1gij6SMoB1QRNbs=",
        "owner": "b0o",
        "repo": "incline.nvim",
        "rev": "27040695b3bbfcd3257669037bd008d1a892831d",
        "type": "github"
      },
      "original": {
        "owner": "b0o",
        "repo": "incline.nvim",
        "type": "github"
      }
    },
    "plugins-jq-playground": {
      "flake": false,
      "locked": {
        "lastModified": 1742298067,
        "narHash": "sha256-/vCwMZcJn7wCcBesM/9n+6Qk/w3qmTo4sOgF7v9DeEw=",
        "owner": "yochem",
        "repo": "jq-playground.nvim",
        "rev": "67f223ccac3a66e2f12c722cd74ba6d00946907b",
        "type": "github"
      },
      "original": {
        "owner": "yochem",
        "repo": "jq-playground.nvim",
        "type": "github"
      }
    },
    "plugins-log-highlight": {
      "flake": false,
      "locked": {
        "lastModified": 1730026929,
        "narHash": "sha256-cD7fcMicLhuu+65PU6hXq+aaNjb+c+lVIGyMMRmNvww=",
        "owner": "fei6409",
        "repo": "log-highlight.nvim",
        "rev": "cd948cad8150475ac1ace5515d0ae206a9aad3f2",
        "type": "github"
      },
      "original": {
        "owner": "fei6409",
        "repo": "log-highlight.nvim",
        "type": "github"
      }
    },
    "plugins-nap": {
      "flake": false,
      "locked": {
        "lastModified": 1699846937,
        "narHash": "sha256-Qt3eZM8sBpQh8vOFhqa8k+xO+ey1TXQNzXdgfr6qkS0=",
        "owner": "liangxianzhe",
        "repo": "nap.nvim",
        "rev": "98037cff509a12412cf8f32d1b12a9fdcad558ad",
        "type": "github"
      },
      "original": {
        "owner": "liangxianzhe",
        "repo": "nap.nvim",
        "type": "github"
      }
    },
    "plugins-nvim-recorder": {
      "flake": false,
      "locked": {
        "lastModified": 1742907759,
        "narHash": "sha256-7V3pbwXgvKVxVfY6T+26R3UwhbmS1KT55zkK+UUvPqY=",
        "owner": "chrisgrieser",
        "repo": "nvim-recorder",
        "rev": "3f4aac35b71d5db7216ffe6ae6f3f8d146c5ea52",
        "type": "github"
      },
      "original": {
        "owner": "chrisgrieser",
        "repo": "nvim-recorder",
        "type": "github"
      }
    },
    "plugins-nvim-tree-preview": {
      "flake": false,
      "locked": {
        "lastModified": 1736504121,
        "narHash": "sha256-uxjvMussM4CxrWWOHM6QFV+WChTq3v2bJYDpkTkhXrc=",
        "owner": "b0o",
        "repo": "nvim-tree-preview.lua",
        "rev": "aa87bc2367430b6f0254238cd89014db3a5f0116",
        "type": "github"
      },
      "original": {
        "owner": "b0o",
        "repo": "nvim-tree-preview.lua",
        "type": "github"
      }
    },
    "plugins-reticle": {
      "flake": false,
      "locked": {
        "lastModified": 1737641208,
        "narHash": "sha256-VIE0xG4BD1Q/ws2LOgIO7VatjDNVhbgNg6WCrcGvMJQ=",
        "owner": "tummetott",
        "repo": "reticle.nvim",
        "rev": "48b0ce41b90e571271d3c6d481d81e7be4e563b1",
        "type": "github"
      },
      "original": {
        "owner": "tummetott",
        "repo": "reticle.nvim",
        "type": "github"
      }
    },
    "plugins-stay-in-place": {
      "flake": false,
      "locked": {
        "lastModified": 1674224618,
        "narHash": "sha256-Cq9/JQoxuUiAQPobiSizwmvdxJRjE7XjG47A38wdVwY=",
        "owner": "gbprod",
        "repo": "stay-in-place.nvim",
        "rev": "0628b6db8970fc731abf9608d6f80659b58932c9",
        "type": "github"
      },
      "original": {
        "owner": "gbprod",
        "repo": "stay-in-place.nvim",
        "type": "github"
      }
    },
    "plugins-telescope-egrepify": {
      "flake": false,
      "locked": {
        "lastModified": 1728416248,
        "narHash": "sha256-gdNeZa14aj7CJ9edDhkgBxWyhBceACwO8Yy0Ov4OZlM=",
        "owner": "fdschmidt93",
        "repo": "telescope-egrepify.nvim",
        "rev": "a8070970a661330c4e00450d25f874f6c2b00af9",
        "type": "github"
      },
      "original": {
        "owner": "fdschmidt93",
        "repo": "telescope-egrepify.nvim",
        "type": "github"
      }
    },
    "plugins-vim-caser": {
      "flake": false,
      "locked": {
        "lastModified": 1627424152,
        "narHash": "sha256-PXAY01O/cHvAdWx3V/pyWFeiV5qJGvLcAKhl5DQc0Ps=",
        "owner": "arthurxavierx",
        "repo": "vim-caser",
        "rev": "6bc9f41d170711c58e0157d882a5fe8c30f34bf6",
        "type": "github"
      },
      "original": {
        "owner": "arthurxavierx",
        "repo": "vim-caser",
        "type": "github"
      }
    },
    "root": {
      "inputs": {
        "nixCats": "nixCats",
        "nixpkgs": "nixpkgs",
        "plugins-code_runner": "plugins-code_runner",
        "plugins-codecompanion": "plugins-codecompanion",
        "plugins-cutlass": "plugins-cutlass",
        "plugins-hlargs": "plugins-hlargs",
        "plugins-incline": "plugins-incline",
        "plugins-jq-playground": "plugins-jq-playground",
        "plugins-log-highlight": "plugins-log-highlight",
        "plugins-nap": "plugins-nap",
        "plugins-nvim-recorder": "plugins-nvim-recorder",
        "plugins-nvim-tree-preview": "plugins-nvim-tree-preview",
        "plugins-reticle": "plugins-reticle",
        "plugins-stay-in-place": "plugins-stay-in-place",
        "plugins-telescope-egrepify": "plugins-telescope-egrepify",
        "plugins-vim-caser": "plugins-vim-caser"
      }
    }
  },
  "root": "root",
  "version": 7
}
